dependencies:
- name: postgresql
  repository: oci://registry-1.docker.io/bitnamicharts
  version: 12.8.3
- name: redis
  repository: oci://registry-1.docker.io/bitnamicharts
  version: 17.15.5
- name: rabbitmq
  repository: oci://registry-1.docker.io/bitnamicharts
  version: 12.0.12
- name: mongodb
  repository: oci://registry-1.docker.io/bitnamicharts
  version: 13.16.4
digest: sha256:6b0bd69394a55059d67b8737b47edba6003845e56c28a5fdd3b3e499df4e7a2d
generated: "2023-08-18T09:55:29.607523607+02:00"
